// !$*UTF8*$!
{
	archiveVersion = 1;
	classes = {
	};
	objectVersion = 56;
	objects = {

/* Begin PBXBuildFile section */
		A783659C2BC4965B00D12675 /* ButtonsRowOneView.swift in Sources */ = {isa = PBXBuildFile; fileRef = A783659B2BC4965B00D12675 /* ButtonsRowOneView.swift */; };
		A783659E2BC497DB00D12675 /* ButtonsRowTwoView.swift in Sources */ = {isa = PBXBuildFile; fileRef = A783659D2BC497DB00D12675 /* ButtonsRowTwoView.swift */; };
		A78365A02BC4990F00D12675 /* TopCanvasView.swift in Sources */ = {isa = PBXBuildFile; fileRef = A783659F2BC4990F00D12675 /* TopCanvasView.swift */; };
		AB53431129AC37650071FEB3 /* ChipsSaveJSONApp.swift in Sources */ = {isa = PBXBuildFile; fileRef = AB53431029AC37650071FEB3 /* ChipsSaveJSONApp.swift */; };
		AB53431329AC37650071FEB3 /* ContentView.swift in Sources */ = {isa = PBXBuildFile; fileRef = AB53431229AC37650071FEB3 /* ContentView.swift */; };
		AB53431529AC37650071FEB3 /* Assets.xcassets in Resources */ = {isa = PBXBuildFile; fileRef = AB53431429AC37650071FEB3 /* Assets.xcassets */; };
		AB53431829AC37650071FEB3 /* Preview Assets.xcassets in Resources */ = {isa = PBXBuildFile; fileRef = AB53431729AC37650071FEB3 /* Preview Assets.xcassets */; };
		AB53432329AC37A80071FEB3 /* ItemView.swift in Sources */ = {isa = PBXBuildFile; fileRef = AB53431E29AC37A80071FEB3 /* ItemView.swift */; };
		AB53432429AC37A80071FEB3 /* FormatString.swift in Sources */ = {isa = PBXBuildFile; fileRef = AB53431F29AC37A80071FEB3 /* FormatString.swift */; };
		AB53432529AC37A80071FEB3 /* Document.swift in Sources */ = {isa = PBXBuildFile; fileRef = AB53432029AC37A80071FEB3 /* Document.swift */; };
		AB53432629AC37A80071FEB3 /* Model.swift in Sources */ = {isa = PBXBuildFile; fileRef = AB53432129AC37A80071FEB3 /* Model.swift */; };
		AB53432729AC37A80071FEB3 /* ModelJSON.swift in Sources */ = {isa = PBXBuildFile; fileRef = AB53432229AC37A80071FEB3 /* ModelJSON.swift */; };
/* End PBXBuildFile section */

/* Begin PBXFileReference section */
		A783659B2BC4965B00D12675 /* ButtonsRowOneView.swift */ = {isa = PBXFileReference; lastKnownFileType = sourcecode.swift; path = ButtonsRowOneView.swift; sourceTree = "<group>"; };
		A783659D2BC497DB00D12675 /* ButtonsRowTwoView.swift */ = {isa = PBXFileReference; lastKnownFileType = sourcecode.swift; path = ButtonsRowTwoView.swift; sourceTree = "<group>"; };
		A783659F2BC4990F00D12675 /* TopCanvasView.swift */ = {isa = PBXFileReference; lastKnownFileType = sourcecode.swift; path = TopCanvasView.swift; sourceTree = "<group>"; };
		AB53430D29AC37650071FEB3 /* ChipsSaveJSON.app */ = {isa = PBXFileReference; explicitFileType = wrapper.application; includeInIndex = 0; path = ChipsSaveJSON.app; sourceTree = BUILT_PRODUCTS_DIR; };
		AB53431029AC37650071FEB3 /* ChipsSaveJSONApp.swift */ = {isa = PBXFileReference; lastKnownFileType = sourcecode.swift; path = ChipsSaveJSONApp.swift; sourceTree = "<group>"; };
		AB53431229AC37650071FEB3 /* ContentView.swift */ = {isa = PBXFileReference; lastKnownFileType = sourcecode.swift; path = ContentView.swift; sourceTree = "<group>"; };
		AB53431429AC37650071FEB3 /* Assets.xcassets */ = {isa = PBXFileReference; lastKnownFileType = folder.assetcatalog; path = Assets.xcassets; sourceTree = "<group>"; };
		AB53431729AC37650071FEB3 /* Preview Assets.xcassets */ = {isa = PBXFileReference; lastKnownFileType = folder.assetcatalog; path = "Preview Assets.xcassets"; sourceTree = "<group>"; };
		AB53431E29AC37A80071FEB3 /* ItemView.swift */ = {isa = PBXFileReference; fileEncoding = 4; lastKnownFileType = sourcecode.swift; path = ItemView.swift; sourceTree = "<group>"; };
		AB53431F29AC37A80071FEB3 /* FormatString.swift */ = {isa = PBXFileReference; fileEncoding = 4; lastKnownFileType = sourcecode.swift; path = FormatString.swift; sourceTree = "<group>"; };
		AB53432029AC37A80071FEB3 /* Document.swift */ = {isa = PBXFileReference; fileEncoding = 4; lastKnownFileType = sourcecode.swift; path = Document.swift; sourceTree = "<group>"; };
		AB53432129AC37A80071FEB3 /* Model.swift */ = {isa = PBXFileReference; fileEncoding = 4; lastKnownFileType = sourcecode.swift; path = Model.swift; sourceTree = "<group>"; };
		AB53432229AC37A80071FEB3 /* ModelJSON.swift */ = {isa = PBXFileReference; fileEncoding = 4; lastKnownFileType = sourcecode.swift; path = ModelJSON.swift; sourceTree = "<group>"; };
		AB8272F429AE651A00D55AEB /* README.md */ = {isa = PBXFileReference; lastKnownFileType = net.daringfireball.markdown; name = README.md; path = ../README.md; sourceTree = "<group>"; };
/* End PBXFileReference section */

/* Begin PBXFrameworksBuildPhase section */
		AB53430A29AC37650071FEB3 /* Frameworks */ = {
			isa = PBXFrameworksBuildPhase;
			buildActionMask = 2147483647;
			files = (
			);
			runOnlyForDeploymentPostprocessing = 0;
		};
/* End PBXFrameworksBuildPhase section */

/* Begin PBXGroup section */
		AB53430429AC37650071FEB3 = {
			isa = PBXGroup;
			children = (
				AB8272F429AE651A00D55AEB /* README.md */,
				AB53430F29AC37650071FEB3 /* ChipsSaveJSON */,
				AB53430E29AC37650071FEB3 /* Products */,
			);
			sourceTree = "<group>";
		};
		AB53430E29AC37650071FEB3 /* Products */ = {
			isa = PBXGroup;
			children = (
				AB53430D29AC37650071FEB3 /* ChipsSaveJSON.app */,
			);
			name = Products;
			sourceTree = "<group>";
		};
		AB53430F29AC37650071FEB3 /* ChipsSaveJSON */ = {
			isa = PBXGroup;
			children = (
				AB53431029AC37650071FEB3 /* ChipsSaveJSONApp.swift */,
				AB53431229AC37650071FEB3 /* ContentView.swift */,
				AB53431E29AC37A80071FEB3 /* ItemView.swift */,
				A783659F2BC4990F00D12675 /* TopCanvasView.swift */,
				A783659B2BC4965B00D12675 /* ButtonsRowOneView.swift */,
				A783659D2BC497DB00D12675 /* ButtonsRowTwoView.swift */,
				AB53432029AC37A80071FEB3 /* Document.swift */,
				AB53432129AC37A80071FEB3 /* Model.swift */,
				AB53432229AC37A80071FEB3 /* ModelJSON.swift */,
				AB53431F29AC37A80071FEB3 /* FormatString.swift */,
				AB53431429AC37650071FEB3 /* Assets.xcassets */,
				AB53431629AC37650071FEB3 /* Preview Content */,
			);
			path = ChipsSaveJSON;
			sourceTree = "<group>";
		};
		AB53431629AC37650071FEB3 /* Preview Content */ = {
			isa = PBXGroup;
			children = (
				AB53431729AC37650071FEB3 /* Preview Assets.xcassets */,
			);
			path = "Preview Content";
			sourceTree = "<group>";
		};
/* End PBXGroup section */

/* Begin PBXNativeTarget section */
		AB53430C29AC37650071FEB3 /* ChipsSaveJSON */ = {
			isa = PBXNativeTarget;
			buildConfigurationList = AB53431B29AC37650071FEB3 /* Build configuration list for PBXNativeTarget "ChipsSaveJSON" */;
			buildPhases = (
				AB53430929AC37650071FEB3 /* Sources */,
				AB53430A29AC37650071FEB3 /* Frameworks */,
				AB53430B29AC37650071FEB3 /* Resources */,
			);
			buildRules = (
			);
			dependencies = (
			);
			name = ChipsSaveJSON;
			productName = ChipsSaveJSON;
			productReference = AB53430D29AC37650071FEB3 /* ChipsSaveJSON.app */;
			productType = "com.apple.product-type.application";
		};
/* End PBXNativeTarget section */

/* Begin PBXProject section */
		AB53430529AC37650071FEB3 /* Project object */ = {
			isa = PBXProject;
			attributes = {
				BuildIndependentTargetsInParallel = 1;
				LastSwiftUpdateCheck = 1420;
				LastUpgradeCheck = 1420;
				TargetAttributes = {
					AB53430C29AC37650071FEB3 = {
						CreatedOnToolsVersion = 14.2;
					};
				};
			};
			buildConfigurationList = AB53430829AC37650071FEB3 /* Build configuration list for PBXProject "ChipsSaveJSON" */;
			compatibilityVersion = "Xcode 14.0";
			developmentRegion = en;
			hasScannedForEncodings = 0;
			knownRegions = (
				en,
				Base,
			);
			mainGroup = AB53430429AC37650071FEB3;
			productRefGroup = AB53430E29AC37650071FEB3 /* Products */;
			projectDirPath = "";
			projectRoot = "";
			targets = (
				AB53430C29AC37650071FEB3 /* ChipsSaveJSON */,
			);
		};
/* End PBXProject section */

/* Begin PBXResourcesBuildPhase section */
		AB53430B29AC37650071FEB3 /* Resources */ = {
			isa = PBXResourcesBuildPhase;
			buildActionMask = 2147483647;
			files = (
				AB53431829AC37650071FEB3 /* Preview Assets.xcassets in Resources */,
				AB53431529AC37650071FEB3 /* Assets.xcassets in Resources */,
			);
			runOnlyForDeploymentPostprocessing = 0;
		};
/* End PBXResourcesBuildPhase section */

/* Begin PBXSourcesBuildPhase section */
		AB53430929AC37650071FEB3 /* Sources */ = {
			isa = PBXSourcesBuildPhase;
			buildActionMask = 2147483647;
			files = (
				A783659E2BC497DB00D12675 /* ButtonsRowTwoView.swift in Sources */,
				AB53432729AC37A80071FEB3 /* ModelJSON.swift in Sources */,
				A78365A02BC4990F00D12675 /* TopCanvasView.swift in Sources */,
				AB53431329AC37650071FEB3 /* ContentView.swift in Sources */,
				AB53432429AC37A80071FEB3 /* FormatString.swift in Sources */,
				AB53432329AC37A80071FEB3 /* ItemView.swift in Sources */,
				AB53432629AC37A80071FEB3 /* Model.swift in Sources */,
				AB53431129AC37650071FEB3 /* ChipsSaveJSONApp.swift in Sources */,
				AB53432529AC37A80071FEB3 /* Document.swift in Sources */,
				A783659C2BC4965B00D12675 /* ButtonsRowOneView.swift in Sources */,
			);
			runOnlyForDeploymentPostprocessing = 0;
		};
/* End PBXSourcesBuildPhase section */

/* Begin XCBuildConfiguration section */
		AB53431929AC37650071FEB3 /* Debug */ = {
			isa = XCBuildConfiguration;
			buildSettings = {
				ALWAYS_SEARCH_USER_PATHS = NO;
				CLANG_ANALYZER_NONNULL = YES;
				CLANG_ANALYZER_NUMBER_OBJECT_CONVERSION = YES_AGGRESSIVE;
				CLANG_CXX_LANGUAGE_STANDARD = "gnu++20";
				CLANG_ENABLE_MODULES = YES;
				CLANG_ENABLE_OBJC_ARC = YES;
				CLANG_ENABLE_OBJC_WEAK = YES;
				CLANG_WARN_BLOCK_CAPTURE_AUTORELEASING = YES;
				CLANG_WARN_BOOL_CONVERSION = YES;
				CLANG_WARN_COMMA = YES;
				CLANG_WARN_CONSTANT_CONVERSION = YES;
				CLANG_WARN_DEPRECATED_OBJC_IMPLEMENTATIONS = YES;
				CLANG_WARN_DIRECT_OBJC_ISA_USAGE = YES_ERROR;
				CLANG_WARN_DOCUMENTATION_COMMENTS = YES;
				CLANG_WARN_EMPTY_BODY = YES;
				CLANG_WARN_ENUM_CONVERSION = YES;
				CLANG_WARN_INFINITE_RECURSION = YES;
				CLANG_WARN_INT_CONVERSION = YES;
				CLANG_WARN_NON_LITERAL_NULL_CONVERSION = YES;
				CLANG_WARN_OBJC_IMPLICIT_RETAIN_SELF = YES;
				CLANG_WARN_OBJC_LITERAL_CONVERSION = YES;
				CLANG_WARN_OBJC_ROOT_CLASS = YES_ERROR;
				CLANG_WARN_QUOTED_INCLUDE_IN_FRAMEWORK_HEADER = YES;
				CLANG_WARN_RANGE_LOOP_ANALYSIS = YES;
				CLANG_WARN_STRICT_PROTOTYPES = YES;
				CLANG_WARN_SUSPICIOUS_MOVE = YES;
				CLANG_WARN_UNGUARDED_AVAILABILITY = YES_AGGRESSIVE;
				CLANG_WARN_UNREACHABLE_CODE = YES;
				CLANG_WARN__DUPLICATE_METHOD_MATCH = YES;
				COPY_PHASE_STRIP = NO;
				DEBUG_INFORMATION_FORMAT = dwarf;
				ENABLE_STRICT_OBJC_MSGSEND = YES;
				ENABLE_TESTABILITY = YES;
				GCC_C_LANGUAGE_STANDARD = gnu11;
				GCC_DYNAMIC_NO_PIC = NO;
				GCC_NO_COMMON_BLOCKS = YES;
				GCC_OPTIMIZATION_LEVEL = 0;
				GCC_PREPROCESSOR_DEFINITIONS = (
					"DEBUG=1",
					"$(inherited)",
				);
				GCC_WARN_64_TO_32_BIT_CONVERSION = YES;
				GCC_WARN_ABOUT_RETURN_TYPE = YES_ERROR;
				GCC_WARN_UNDECLARED_SELECTOR = YES;
				GCC_WARN_UNINITIALIZED_AUTOS = YES_AGGRESSIVE;
				GCC_WARN_UNUSED_FUNCTION = YES;
				GCC_WARN_UNUSED_VARIABLE = YES;
				IPHONEOS_DEPLOYMENT_TARGET = 16.2;
				MTL_ENABLE_DEBUG_INFO = INCLUDE_SOURCE;
				MTL_FAST_MATH = YES;
				ONLY_ACTIVE_ARCH = YES;
				SDKROOT = iphoneos;
				SWIFT_ACTIVE_COMPILATION_CONDITIONS = DEBUG;
				SWIFT_OPTIMIZATION_LEVEL = "-Onone";
			};
			name = Debug;
		};
		AB53431A29AC37650071FEB3 /* Release */ = {
			isa = XCBuildConfiguration;
			buildSettings = {
				ALWAYS_SEARCH_USER_PATHS = NO;
				CLANG_ANALYZER_NONNULL = YES;
				CLANG_ANALYZER_NUMBER_OBJECT_CONVERSION = YES_AGGRESSIVE;
				CLANG_CXX_LANGUAGE_STANDARD = "gnu++20";
				CLANG_ENABLE_MODULES = YES;
				CLANG_ENABLE_OBJC_ARC = YES;
				CLANG_ENABLE_OBJC_WEAK = YES;
				CLANG_WARN_BLOCK_CAPTURE_AUTORELEASING = YES;
				CLANG_WARN_BOOL_CONVERSION = YES;
				CLANG_WARN_COMMA = YES;
				CLANG_WARN_CONSTANT_CONVERSION = YES;
				CLANG_WARN_DEPRECATED_OBJC_IMPLEMENTATIONS = YES;
				CLANG_WARN_DIRECT_OBJC_ISA_USAGE = YES_ERROR;
				CLANG_WARN_DOCUMENTATION_COMMENTS = YES;
				CLANG_WARN_EMPTY_BODY = YES;
				CLANG_WARN_ENUM_CONVERSION = YES;
				CLANG_WARN_INFINITE_RECURSION = YES;
				CLANG_WARN_INT_CONVERSION = YES;
				CLANG_WARN_NON_LITERAL_NULL_CONVERSION = YES;
				CLANG_WARN_OBJC_IMPLICIT_RETAIN_SELF = YES;
				CLANG_WARN_OBJC_LITERAL_CONVERSION = YES;
				CLANG_WARN_OBJC_ROOT_CLASS = YES_ERROR;
				CLANG_WARN_QUOTED_INCLUDE_IN_FRAMEWORK_HEADER = YES;
				CLANG_WARN_RANGE_LOOP_ANALYSIS = YES;
				CLANG_WARN_STRICT_PROTOTYPES = YES;
				CLANG_WARN_SUSPICIOUS_MOVE = YES;
				CLANG_WARN_UNGUARDED_AVAILABILITY = YES_AGGRESSIVE;
				CLANG_WARN_UNREACHABLE_CODE = YES;
				CLANG_WARN__DUPLICATE_METHOD_MATCH = YES;
				COPY_PHASE_STRIP = NO;
				DEBUG_INFORMATION_FORMAT = "dwarf-with-dsym";
				ENABLE_NS_ASSERTIONS = NO;
				ENABLE_STRICT_OBJC_MSGSEND = YES;
				GCC_C_LANGUAGE_STANDARD = gnu11;
				GCC_NO_COMMON_BLOCKS = YES;
				GCC_WARN_64_TO_32_BIT_CONVERSION = YES;
				GCC_WARN_ABOUT_RETURN_TYPE = YES_ERROR;
				GCC_WARN_UNDECLARED_SELECTOR = YES;
				GCC_WARN_UNINITIALIZED_AUTOS = YES_AGGRESSIVE;
				GCC_WARN_UNUSED_FUNCTION = YES;
				GCC_WARN_UNUSED_VARIABLE = YES;
				IPHONEOS_DEPLOYMENT_TARGET = 16.2;
				MTL_ENABLE_DEBUG_INFO = NO;
				MTL_FAST_MATH = YES;
				SDKROOT = iphoneos;
				SWIFT_COMPILATION_MODE = wholemodule;
				SWIFT_OPTIMIZATION_LEVEL = "-O";
				VALIDATE_PRODUCT = YES;
			};
			name = Release;
		};
		AB53431C29AC37650071FEB3 /* Debug */ = {
			isa = XCBuildConfiguration;
			buildSettings = {
				ASSETCATALOG_COMPILER_APPICON_NAME = AppIcon;
				ASSETCATALOG_COMPILER_GLOBAL_ACCENT_COLOR_NAME = AccentColor;
				CODE_SIGN_STYLE = Automatic;
				CURRENT_PROJECT_VERSION = 1;
				DEVELOPMENT_ASSET_PATHS = "\"ChipsSaveJSON/Preview Content\"";
				DEVELOPMENT_TEAM = 3RCW2SSL8G;
				ENABLE_PREVIEWS = YES;
				GENERATE_INFOPLIST_FILE = YES;
				INFOPLIST_KEY_UIApplicationSceneManifest_Generation = YES;
				INFOPLIST_KEY_UIApplicationSupportsIndirectInputEvents = YES;
				INFOPLIST_KEY_UILaunchScreen_Generation = YES;
				INFOPLIST_KEY_UISupportedInterfaceOrientations_iPad = "UIInterfaceOrientationPortrait UIInterfaceOrientationPortraitUpsideDown UIInterfaceOrientationLandscapeLeft UIInterfaceOrientationLandscapeRight";
				INFOPLIST_KEY_UISupportedInterfaceOrientations_iPhone = "UIInterfaceOrientationPortrait UIInterfaceOrientationLandscapeLeft UIInterfaceOrientationLandscapeRight";
				IPHONEOS_DEPLOYMENT_TARGET = 16.0;
				LD_RUNPATH_SEARCH_PATHS = (
					"$(inherited)",
					"@executable_path/Frameworks",
				);
				MARKETING_VERSION = 1.0;
				PRODUCT_BUNDLE_IDENTIFIER = com.jht1900.ChipsSaveJSON;
				PRODUCT_NAME = "$(TARGET_NAME)";
				SWIFT_EMIT_LOC_STRINGS = YES;
				SWIFT_VERSION = 5.0;
				TARGETED_DEVICE_FAMILY = "1,2";
			};
			name = Debug;
		};
		AB53431D29AC37650071FEB3 /* Release */ = {
			isa = XCBuildConfiguration;
			buildSettings = {
				ASSETCATALOG_COMPILER_APPICON_NAME = AppIcon;
				ASSETCATALOG_COMPILER_GLOBAL_ACCENT_COLOR_NAME = AccentColor;
				CODE_SIGN_STYLE = Automatic;
				CURRENT_PROJECT_VERSION = 1;
				DEVELOPMENT_ASSET_PATHS = "\"ChipsSaveJSON/Preview Content\"";
				DEVELOPMENT_TEAM = 3RCW2SSL8G;
				ENABLE_PREVIEWS = YES;
				GENERATE_INFOPLIST_FILE = YES;
				INFOPLIST_KEY_UIApplicationSceneManifest_Generation = YES;
				INFOPLIST_KEY_UIApplicationSupportsIndirectInputEvents = YES;
				INFOPLIST_KEY_UILaunchScreen_Generation = YES;
				INFOPLIST_KEY_UISupportedInterfaceOrientations_iPad = "UIInterfaceOrientationPortrait UIInterfaceOrientationPortraitUpsideDown UIInterfaceOrientationLandscapeLeft UIInterfaceOrientationLandscapeRight";
				INFOPLIST_KEY_UISupportedInterfaceOrientations_iPhone = "UIInterfaceOrientationPortrait UIInterfaceOrientationLandscapeLeft UIInterfaceOrientationLandscapeRight";
				IPHONEOS_DEPLOYMENT_TARGET = 16.0;
				LD_RUNPATH_SEARCH_PATHS = (
					"$(inherited)",
					"@executable_path/Frameworks",
				);
				MARKETING_VERSION = 1.0;
				PRODUCT_BUNDLE_IDENTIFIER = com.jht1900.ChipsSaveJSON;
				PRODUCT_NAME = "$(TARGET_NAME)";
				SWIFT_EMIT_LOC_STRINGS = YES;
				SWIFT_VERSION = 5.0;
				TARGETED_DEVICE_FAMILY = "1,2";
			};
			name = Release;
		};
/* End XCBuildConfiguration section */

/* Begin XCConfigurationList section */
		AB53430829AC37650071FEB3 /* Build configuration list for PBXProject "ChipsSaveJSON" */ = {
			isa = XCConfigurationList;
			buildConfigurations = (
				AB53431929AC37650071FEB3 /* Debug */,
				AB53431A29AC37650071FEB3 /* Release */,
			);
			defaultConfigurationIsVisible = 0;
			defaultConfigurationName = Release;
		};
		AB53431B29AC37650071FEB3 /* Build configuration list for PBXNativeTarget "ChipsSaveJSON" */ = {
			isa = XCConfigurationList;
			buildConfigurations = (
				AB53431C29AC37650071FEB3 /* Debug */,
				AB53431D29AC37650071FEB3 /* Release */,
			);
			defaultConfigurationIsVisible = 0;
			defaultConfigurationName = Release;
		};
/* End XCConfigurationList section */
	};
	rootObject = AB53430529AC37650071FEB3 /* Project object */;
}
